Microsoft Visual Studio Solution File, Format Version 11.00
# Visual Studio 2008

Project("{90DDB64C-4027-1DAD-CFF8-B9909E4803EA}") = "functionGen", "Assembly-CSharp.csproj", "{DE511A6B-108B-C421-96E6-54FA0E6C9589}"
EndProject
Global
	GlobalSection(SolutionConfigurationPlatforms) = preSolution
		Debug|Any CPU = Debug|Any CPU
		Release|Any CPU = Release|Any CPU
	EndGlobalSection
	GlobalSection(ProjectConfigurationPlatforms) = postSolution
		{DE511A6B-108B-C421-96E6-54FA0E6C9589}.Debug|Any CPU.ActiveCfg = Debug|Any CPU
		{DE511A6B-108B-C421-96E6-54FA0E6C9589}.Debug|Any CPU.Build.0 = Debug|Any CPU
		{DE511A6B-108B-C421-96E6-54FA0E6C9589}.Release|Any CPU.ActiveCfg = Release|Any CPU
		{DE511A6B-108B-C421-96E6-54FA0E6C9589}.Release|Any CPU.Build.0 = Release|Any CPU
	EndGlobalSection
	GlobalSection(SolutionProperties) = preSolution
		HideSolutionNode = FALSE
	EndGlobalSection
	GlobalSection(MonoDevelopProperties) = preSolution
		StartupItem = Assembly-CSharp.csproj
	EndGlobalSection
EndGlobal
